github.com/RianIhsan/go-math v0.0.3 h1:qqWmLw46907hiUsYdVKhGTXFDbGbX8lk26yaD9CmCmE=
github.com/RianIhsan/go-math v0.0.3/go.mod h1:pVZfksOxtwzzaHjjIY1b6CnCpRBV0cbaXPTrjDPktTM=
github.com/RianIhsan/go-math v0.0.5 h1:mhwrvKpEMIZIJzNJdx9CEiCFUhXpyZUmwHlz9S8FVC8=
github.com/RianIhsan/go-math v0.0.5/go.mod h1:pVZfksOxtwzzaHjjIY1b6CnCpRBV0cbaXPTrjDPktTM=
github.com/RianIhsan/go-say-name v0.0.1 h1:J/mkQ4adt7syG6uC380IRzIZKt8u8wiHNq87zTm+1PM=
github.com/RianIhsan/go-say-name v0.0.1/go.mod h1:Rag4Y1Jq8WWycRaxY640uh6eZyrUgnulBEgPo6SKuD0=
github.com/RianIhsan/go-say-name v0.0.2 h1:8rbQumO4/j7+xI1kZtKutlq0OoqKvLxb3sEuvaVRKJM=
github.com/RianIhsan/go-say-name v0.0.2/go.mod h1:Rag4Y1Jq8WWycRaxY640uh6eZyrUgnulBEgPo6SKuD0=
